
Microsoft Visual Studio Solution File, Format Version 12.00
# Visual Studio Version 17
VisualStudioVersion = 17.14.36717.8 d17.14
MinimumVisualStudioVersion = 10.0.40219.1
Project("{FAE04EC0-301F-11D3-BF4B-00C04F79EFBC}") = "AplicacionConGrafos", "AplicacionConGrafos\AplicacionConGrafos.csproj", "{DA8CD4D0-B612-4828-B838-AF0937242A68}"
EndProject
Global
	GlobalSection(SolutionConfigurationPlatforms) = preSolution
		Debug|Any CPU = Debug|Any CPU
		Release|Any CPU = Release|Any CPU
	EndGlobalSection
	GlobalSection(ProjectConfigurationPlatforms) = postSolution
		{DA8CD4D0-B612-4828-B838-AF0937242A68}.Debug|Any CPU.ActiveCfg = Debug|Any CPU
		{DA8CD4D0-B612-4828-B838-AF0937242A68}.Debug|Any CPU.Build.0 = Debug|Any CPU
		{DA8CD4D0-B612-4828-B838-AF0937242A68}.Release|Any CPU.ActiveCfg = Release|Any CPU
		{DA8CD4D0-B612-4828-B838-AF0937242A68}.Release|Any CPU.Build.0 = Release|Any CPU
	EndGlobalSection
	GlobalSection(SolutionProperties) = preSolution
		HideSolutionNode = FALSE
	EndGlobalSection
	GlobalSection(ExtensibilityGlobals) = postSolution
		SolutionGuid = {1E07F6F6-C169-411C-B4E7-207C53AB52DC}
	EndGlobalSection
EndGlobal
